
Microsoft Visual Studio Solution File, Format Version 12.00
# Visual Studio Version 16
VisualStudioVersion = 16.0.30517.126
MinimumVisualStudioVersion = 10.0.40219.1
Project("{9A19103F-16F7-4668-BE54-9A1E7A4F7556}") = "BlazorServerDemoApp", "BlazorServerDemoApp\BlazorServerDemoApp.csproj", "{D34D262B-2489-4140-A880-DAE4B4AD82B6}"
EndProject
Global
	GlobalSection(SolutionConfigurationPlatforms) = preSolution
		Debug|Any CPU = Debug|Any CPU
		Release|Any CPU = Release|Any CPU
	EndGlobalSection
	GlobalSection(ProjectConfigurationPlatforms) = postSolution
		{D34D262B-2489-4140-A880-DAE4B4AD82B6}.Debug|Any CPU.ActiveCfg = Debug|Any CPU
		{D34D262B-2489-4140-A880-DAE4B4AD82B6}.Debug|Any CPU.Build.0 = Debug|Any CPU
		{D34D262B-2489-4140-A880-DAE4B4AD82B6}.Release|Any CPU.ActiveCfg = Release|Any CPU
		{D34D262B-2489-4140-A880-DAE4B4AD82B6}.Release|Any CPU.Build.0 = Release|Any CPU
	EndGlobalSection
	GlobalSection(SolutionProperties) = preSolution
		HideSolutionNode = FALSE
	EndGlobalSection
	GlobalSection(ExtensibilityGlobals) = postSolution
		SolutionGuid = {76D80EE3-2205-4113-8680-EDF3E30431F6}
	EndGlobalSection
EndGlobal
